
Microsoft Visual Studio Solution File, Format Version 12.00
# Visual Studio Version 16
VisualStudioVersion = 16.0.31205.134
MinimumVisualStudioVersion = 10.0.40219.1
Project("{FAE04EC0-301F-11D3-BF4B-00C04F79EFBC}") = "kontur_niirs", "kontur_niirs\kontur_niirs.csproj", "{03C86F3F-BD82-40D1-9621-B9D6FE897EEB}"
EndProject
Global
	GlobalSection(SolutionConfigurationPlatforms) = preSolution
		Debug|Any CPU = Debug|Any CPU
		Release|Any CPU = Release|Any CPU
	EndGlobalSection
	GlobalSection(ProjectConfigurationPlatforms) = postSolution
		{03C86F3F-BD82-40D1-9621-B9D6FE897EEB}.Debug|Any CPU.ActiveCfg = Debug|Any CPU
		{03C86F3F-BD82-40D1-9621-B9D6FE897EEB}.Debug|Any CPU.Build.0 = Debug|Any CPU
		{03C86F3F-BD82-40D1-9621-B9D6FE897EEB}.Release|Any CPU.ActiveCfg = Release|Any CPU
		{03C86F3F-BD82-40D1-9621-B9D6FE897EEB}.Release|Any CPU.Build.0 = Release|Any CPU
	EndGlobalSection
	GlobalSection(SolutionProperties) = preSolution
		HideSolutionNode = FALSE
	EndGlobalSection
	GlobalSection(ExtensibilityGlobals) = postSolution
		SolutionGuid = {B3EDC3ED-3920-40D1-8509-F5A4553DE6E6}
	EndGlobalSection
EndGlobal
